// !$*UTF8*$!
{
	archiveVersion = 1;
	classes = {
	};
	objectVersion = 50;
	objects = {

/* Begin PBXBuildFile section */
		2B04A76125FFE5EC00E60908 /* DBFigureModel.swift in Sources */ = {isa = PBXBuildFile; fileRef = 2B04A76025FFE5EC00E60908 /* DBFigureModel.swift */; };
		2B0F21212606919E0037CA25 /* Equatable+Extension.swift in Sources */ = {isa = PBXBuildFile; fileRef = 2B0F21202606919E0037CA25 /* Equatable+Extension.swift */; };
		2B0F2127260694F90037CA25 /* RotationAngle.swift in Sources */ = {isa = PBXBuildFile; fileRef = 2B0F2126260694F90037CA25 /* RotationAngle.swift */; };
		2B0F212B26069C870037CA25 /* FigureHelper.swift in Sources */ = {isa = PBXBuildFile; fileRef = 2B0F212A26069C870037CA25 /* FigureHelper.swift */; };
		2B14B12C25FFEBC800B52928 /* Array2D.swift in Sources */ = {isa = PBXBuildFile; fileRef = 2B14B12B25FFEBC800B52928 /* Array2D.swift */; };
		2B238996241D6DE500FCA685 /* X.json in Resources */ = {isa = PBXBuildFile; fileRef = 2B238995241D6DE500FCA685 /* X.json */; };
		2B5C49FC25E12EFC007C7A38 /* GameView.xib in Resources */ = {isa = PBXBuildFile; fileRef = 2B5C49FB25E12EFC007C7A38 /* GameView.xib */; };
		2B68EB0A25ED95AD00ABE6E2 /* MoveTypes.swift in Sources */ = {isa = PBXBuildFile; fileRef = 2B68EB0925ED95AD00ABE6E2 /* MoveTypes.swift */; };
		2B68EB1225ED970600ABE6E2 /* Position.swift in Sources */ = {isa = PBXBuildFile; fileRef = 2B68EB1125ED970600ABE6E2 /* Position.swift */; };
		2B71DFED26A6128A00B84ECD /* FigureColors.swift in Sources */ = {isa = PBXBuildFile; fileRef = 2B71DFEC26A6128A00B84ECD /* FigureColors.swift */; };
		2B71DFF126A615FD00B84ECD /* IntermediateFigure.swift in Sources */ = {isa = PBXBuildFile; fileRef = 2B71DFF026A615FD00B84ECD /* IntermediateFigure.swift */; };
		2B71DFF626A6216D00B84ECD /* PanelControlView.swift in Sources */ = {isa = PBXBuildFile; fileRef = 2B71DFF526A6216D00B84ECD /* PanelControlView.swift */; };
		2B984D2825ED7A24002DD657 /* GameGrid.swift in Sources */ = {isa = PBXBuildFile; fileRef = 2B984D2725ED7A24002DD657 /* GameGrid.swift */; };
		2BA9862F2603DCB600649249 /* Array2DTests.swift in Sources */ = {isa = PBXBuildFile; fileRef = 2BA9862E2603DCB600649249 /* Array2DTests.swift */; };
		2BBE78772607C6F900BE738B /* StartViewController.swift in Sources */ = {isa = PBXBuildFile; fileRef = 2BBE78762607C6F900BE738B /* StartViewController.swift */; };
		2BBE78832607C83400BE738B /* TTNorms-Bold.ttf in Resources */ = {isa = PBXBuildFile; fileRef = 2BBE78802607C83400BE738B /* TTNorms-Bold.ttf */; };
		2BBE78842607C83400BE738B /* TTNorms-Regular.ttf in Resources */ = {isa = PBXBuildFile; fileRef = 2BBE78812607C83400BE738B /* TTNorms-Regular.ttf */; };
		2BBE78852607C83400BE738B /* TTNorms-Medium.ttf in Resources */ = {isa = PBXBuildFile; fileRef = 2BBE78822607C83400BE738B /* TTNorms-Medium.ttf */; };
		2BBE78892607C8B900BE738B /* UIFont+Extensions.swift in Sources */ = {isa = PBXBuildFile; fileRef = 2BBE78882607C8B900BE738B /* UIFont+Extensions.swift */; };
		2BBE788D2607CA9300BE738B /* Router.swift in Sources */ = {isa = PBXBuildFile; fileRef = 2BBE788C2607CA9300BE738B /* Router.swift */; };
		2BBE78912607CBC400BE738B /* StartView.swift in Sources */ = {isa = PBXBuildFile; fileRef = 2BBE78902607CBC400BE738B /* StartView.swift */; };
		2BD3051A25E0FFDB0012B267 /* GameView.swift in Sources */ = {isa = PBXBuildFile; fileRef = 2BD3051925E0FFDB0012B267 /* GameView.swift */; };
		2BD3052125E11BBD0012B267 /* N.json in Resources */ = {isa = PBXBuildFile; fileRef = 2BD3052025E11BBD0012B267 /* N.json */; };
		2BD3052525E11C4F0012B267 /* FigureFetcher.swift in Sources */ = {isa = PBXBuildFile; fileRef = 2BD3052425E11C4F0012B267 /* FigureFetcher.swift */; };
		2BD6EEDC2642DE7200D3C370 /* FigureViewController.swift in Sources */ = {isa = PBXBuildFile; fileRef = 2BD6EEDB2642DE7200D3C370 /* FigureViewController.swift */; };
		2BD6EEE22642DECF00D3C370 /* FiguresView.swift in Sources */ = {isa = PBXBuildFile; fileRef = 2BD6EEE12642DECF00D3C370 /* FiguresView.swift */; };
		2BF490DE25E11EA800B7EF9A /* ErrorObject.swift in Sources */ = {isa = PBXBuildFile; fileRef = 2BF490DD25E11EA800B7EF9A /* ErrorObject.swift */; };
		2BF490E825E1277C00B7EF9A /* GameController.swift in Sources */ = {isa = PBXBuildFile; fileRef = 2BF490E725E1277C00B7EF9A /* GameController.swift */; };
		8A0077162221884800D6B7B7 /* I.json in Resources */ = {isa = PBXBuildFile; fileRef = 8A0077152221884800D6B7B7 /* I.json */; };
		8A00771D2221888A00D6B7B7 /* O.json in Resources */ = {isa = PBXBuildFile; fileRef = 8A0077172221888900D6B7B7 /* O.json */; };
		8A00771E2221888A00D6B7B7 /* T.json in Resources */ = {isa = PBXBuildFile; fileRef = 8A0077182221888900D6B7B7 /* T.json */; };
		8A00771F2221888A00D6B7B7 /* S.json in Resources */ = {isa = PBXBuildFile; fileRef = 8A0077192221888900D6B7B7 /* S.json */; };
		8A0077202221888A00D6B7B7 /* Z.json in Resources */ = {isa = PBXBuildFile; fileRef = 8A00771A2221888900D6B7B7 /* Z.json */; };
		8A0077212221888A00D6B7B7 /* L.json in Resources */ = {isa = PBXBuildFile; fileRef = 8A00771B2221888A00D6B7B7 /* L.json */; };
		8A0077222221888A00D6B7B7 /* J.json in Resources */ = {isa = PBXBuildFile; fileRef = 8A00771C2221888A00D6B7B7 /* J.json */; };
		8A1ECBA1218395BD00072318 /* RepeatingTimer.swift in Sources */ = {isa = PBXBuildFile; fileRef = 8A1ECBA0218395BD00072318 /* RepeatingTimer.swift */; };
		8A1ECBA42184908900072318 /* UIColor+Additions.swift in Sources */ = {isa = PBXBuildFile; fileRef = 8A1ECBA32184908900072318 /* UIColor+Additions.swift */; };
		8A43D123220B5FB7000F17ED /* MatrixController.swift in Sources */ = {isa = PBXBuildFile; fileRef = 8A43D122220B5FB7000F17ED /* MatrixController.swift */; };
		8A621774220CC5A300BA6C91 /* Figure.swift in Sources */ = {isa = PBXBuildFile; fileRef = 8A621773220CC5A300BA6C91 /* Figure.swift */; };
		8A6FAE3822B96F0B00B4A135 /* TetrisTests.swift in Sources */ = {isa = PBXBuildFile; fileRef = 8A6FAE3722B96F0B00B4A135 /* TetrisTests.swift */; };
		8A7F08DE220ED04700273BDD /* UIView+Extension.swift in Sources */ = {isa = PBXBuildFile; fileRef = 8A7F08DD220ED04700273BDD /* UIView+Extension.swift */; };
		8A7F08E0220F0F2300273BDD /* Element.swift in Sources */ = {isa = PBXBuildFile; fileRef = 8A7F08DF220F0F2300273BDD /* Element.swift */; };
		8A7F08E2220F4B2900273BDD /* UIViewContoller+Extension.swift in Sources */ = {isa = PBXBuildFile; fileRef = 8A7F08E1220F4B2900273BDD /* UIViewContoller+Extension.swift */; };
		8AE541AC218368CE007A19E4 /* AppDelegate.swift in Sources */ = {isa = PBXBuildFile; fileRef = 8AE541AB218368CE007A19E4 /* AppDelegate.swift */; };
		8AE541B4218368CE007A19E4 /* GameViewController.swift in Sources */ = {isa = PBXBuildFile; fileRef = 8AE541B3218368CE007A19E4 /* GameViewController.swift */; };
		8AE541B9218368D0007A19E4 /* Assets.xcassets in Resources */ = {isa = PBXBuildFile; fileRef = 8AE541B8218368D0007A19E4 /* Assets.xcassets */; };
		8AE541BC218368D0007A19E4 /* LaunchScreen.storyboard in Resources */ = {isa = PBXBuildFile; fileRef = 8AE541BA218368D0007A19E4 /* LaunchScreen.storyboard */; };
/* End PBXBuildFile section */

/* Begin PBXContainerItemProxy section */
		8A6FAE3A22B96F0B00B4A135 /* PBXContainerItemProxy */ = {
			isa = PBXContainerItemProxy;
			containerPortal = 8AE541A0218368CE007A19E4 /* Project object */;
			proxyType = 1;
			remoteGlobalIDString = 8AE541A7218368CE007A19E4;
			remoteInfo = Tetris;
		};
/* End PBXContainerItemProxy section */

/* Begin PBXFileReference section */
		2B04A76025FFE5EC00E60908 /* DBFigureModel.swift */ = {isa = PBXFileReference; lastKnownFileType = sourcecode.swift; path = DBFigureModel.swift; sourceTree = "<group>"; };
		2B0F21202606919E0037CA25 /* Equatable+Extension.swift */ = {isa = PBXFileReference; lastKnownFileType = sourcecode.swift; path = "Equatable+Extension.swift"; sourceTree = "<group>"; };
		2B0F2126260694F90037CA25 /* RotationAngle.swift */ = {isa = PBXFileReference; lastKnownFileType = sourcecode.swift; path = RotationAngle.swift; sourceTree = "<group>"; };
		2B0F212A26069C870037CA25 /* FigureHelper.swift */ = {isa = PBXFileReference; lastKnownFileType = sourcecode.swift; path = FigureHelper.swift; sourceTree = "<group>"; };
		2B14B12B25FFEBC800B52928 /* Array2D.swift */ = {isa = PBXFileReference; lastKnownFileType = sourcecode.swift; path = Array2D.swift; sourceTree = "<group>"; };
		2B238995241D6DE500FCA685 /* X.json */ = {isa = PBXFileReference; fileEncoding = 4; lastKnownFileType = text.json; path = X.json; sourceTree = "<group>"; };
		2B5C49FB25E12EFC007C7A38 /* GameView.xib */ = {isa = PBXFileReference; lastKnownFileType = file.xib; path = GameView.xib; sourceTree = "<group>"; };
		2B68EB0925ED95AD00ABE6E2 /* MoveTypes.swift */ = {isa = PBXFileReference; lastKnownFileType = sourcecode.swift; path = MoveTypes.swift; sourceTree = "<group>"; };
		2B68EB1125ED970600ABE6E2 /* Position.swift */ = {isa = PBXFileReference; lastKnownFileType = sourcecode.swift; path = Position.swift; sourceTree = "<group>"; };
		2B71DFEC26A6128A00B84ECD /* FigureColors.swift */ = {isa = PBXFileReference; lastKnownFileType = sourcecode.swift; path = FigureColors.swift; sourceTree = "<group>"; };
		2B71DFF026A615FD00B84ECD /* IntermediateFigure.swift */ = {isa = PBXFileReference; lastKnownFileType = sourcecode.swift; path = IntermediateFigure.swift; sourceTree = "<group>"; };
		2B71DFF526A6216D00B84ECD /* PanelControlView.swift */ = {isa = PBXFileReference; lastKnownFileType = sourcecode.swift; path = PanelControlView.swift; sourceTree = "<group>"; };
		2B984D2725ED7A24002DD657 /* GameGrid.swift */ = {isa = PBXFileReference; lastKnownFileType = sourcecode.swift; path = GameGrid.swift; sourceTree = "<group>"; };
		2BA9862E2603DCB600649249 /* Array2DTests.swift */ = {isa = PBXFileReference; lastKnownFileType = sourcecode.swift; path = Array2DTests.swift; sourceTree = "<group>"; };
		2BBE78762607C6F900BE738B /* StartViewController.swift */ = {isa = PBXFileReference; lastKnownFileType = sourcecode.swift; path = StartViewController.swift; sourceTree = "<group>"; };
		2BBE78802607C83400BE738B /* TTNorms-Bold.ttf */ = {isa = PBXFileReference; lastKnownFileType = file; path = "TTNorms-Bold.ttf"; sourceTree = "<group>"; };
		2BBE78812607C83400BE738B /* TTNorms-Regular.ttf */ = {isa = PBXFileReference; lastKnownFileType = file; path = "TTNorms-Regular.ttf"; sourceTree = "<group>"; };
		2BBE78822607C83400BE738B /* TTNorms-Medium.ttf */ = {isa = PBXFileReference; lastKnownFileType = file; path = "TTNorms-Medium.ttf"; sourceTree = "<group>"; };
		2BBE78882607C8B900BE738B /* UIFont+Extensions.swift */ = {isa = PBXFileReference; lastKnownFileType = sourcecode.swift; path = "UIFont+Extensions.swift"; sourceTree = "<group>"; };
		2BBE788C2607CA9300BE738B /* Router.swift */ = {isa = PBXFileReference; lastKnownFileType = sourcecode.swift; path = Router.swift; sourceTree = "<group>"; };
		2BBE78902607CBC400BE738B /* StartView.swift */ = {isa = PBXFileReference; lastKnownFileType = sourcecode.swift; path = StartView.swift; sourceTree = "<group>"; };
		2BD3051925E0FFDB0012B267 /* GameView.swift */ = {isa = PBXFileReference; lastKnownFileType = sourcecode.swift; path = GameView.swift; sourceTree = "<group>"; };
		2BD3052025E11BBD0012B267 /* N.json */ = {isa = PBXFileReference; fileEncoding = 4; lastKnownFileType = text.json; path = N.json; sourceTree = "<group>"; };
		2BD3052425E11C4F0012B267 /* FigureFetcher.swift */ = {isa = PBXFileReference; lastKnownFileType = sourcecode.swift; path = FigureFetcher.swift; sourceTree = "<group>"; };
		2BD6EEDB2642DE7200D3C370 /* FigureViewController.swift */ = {isa = PBXFileReference; lastKnownFileType = sourcecode.swift; path = FigureViewController.swift; sourceTree = "<group>"; };
		2BD6EEE12642DECF00D3C370 /* FiguresView.swift */ = {isa = PBXFileReference; lastKnownFileType = sourcecode.swift; path = FiguresView.swift; sourceTree = "<group>"; };
		2BF490DD25E11EA800B7EF9A /* ErrorObject.swift */ = {isa = PBXFileReference; lastKnownFileType = sourcecode.swift; path = ErrorObject.swift; sourceTree = "<group>"; };
		2BF490E725E1277C00B7EF9A /* GameController.swift */ = {isa = PBXFileReference; lastKnownFileType = sourcecode.swift; path = GameController.swift; sourceTree = "<group>"; };
		8A0077152221884800D6B7B7 /* I.json */ = {isa = PBXFileReference; fileEncoding = 4; lastKnownFileType = text.json; path = I.json; sourceTree = "<group>"; };
		8A0077172221888900D6B7B7 /* O.json */ = {isa = PBXFileReference; fileEncoding = 4; lastKnownFileType = text.json; path = O.json; sourceTree = "<group>"; };
		8A0077182221888900D6B7B7 /* T.json */ = {isa = PBXFileReference; fileEncoding = 4; lastKnownFileType = text.json; path = T.json; sourceTree = "<group>"; };
		8A0077192221888900D6B7B7 /* S.json */ = {isa = PBXFileReference; fileEncoding = 4; lastKnownFileType = text.json; path = S.json; sourceTree = "<group>"; };
		8A00771A2221888900D6B7B7 /* Z.json */ = {isa = PBXFileReference; fileEncoding = 4; lastKnownFileType = text.json; path = Z.json; sourceTree = "<group>"; };
		8A00771B2221888A00D6B7B7 /* L.json */ = {isa = PBXFileReference; fileEncoding = 4; lastKnownFileType = text.json; path = L.json; sourceTree = "<group>"; };
		8A00771C2221888A00D6B7B7 /* J.json */ = {isa = PBXFileReference; fileEncoding = 4; lastKnownFileType = text.json; path = J.json; sourceTree = "<group>"; };
		8A1ECBA0218395BD00072318 /* RepeatingTimer.swift */ = {isa = PBXFileReference; lastKnownFileType = sourcecode.swift; path = RepeatingTimer.swift; sourceTree = "<group>"; };
		8A1ECBA32184908900072318 /* UIColor+Additions.swift */ = {isa = PBXFileReference; fileEncoding = 4; lastKnownFileType = sourcecode.swift; path = "UIColor+Additions.swift"; sourceTree = "<group>"; };
		8A43D122220B5FB7000F17ED /* MatrixController.swift */ = {isa = PBXFileReference; lastKnownFileType = sourcecode.swift; path = MatrixController.swift; sourceTree = "<group>"; };
		8A621773220CC5A300BA6C91 /* Figure.swift */ = {isa = PBXFileReference; lastKnownFileType = sourcecode.swift; path = Figure.swift; sourceTree = "<group>"; };
		8A6FAE3522B96F0B00B4A135 /* TetrisTests.xctest */ = {isa = PBXFileReference; explicitFileType = wrapper.cfbundle; includeInIndex = 0; path = TetrisTests.xctest; sourceTree = BUILT_PRODUCTS_DIR; };
		8A6FAE3722B96F0B00B4A135 /* TetrisTests.swift */ = {isa = PBXFileReference; lastKnownFileType = sourcecode.swift; path = TetrisTests.swift; sourceTree = "<group>"; };
		8A6FAE3922B96F0B00B4A135 /* Info.plist */ = {isa = PBXFileReference; lastKnownFileType = text.plist.xml; path = Info.plist; sourceTree = "<group>"; };
		8A7F08DD220ED04700273BDD /* UIView+Extension.swift */ = {isa = PBXFileReference; lastKnownFileType = sourcecode.swift; path = "UIView+Extension.swift"; sourceTree = "<group>"; };
		8A7F08DF220F0F2300273BDD /* Element.swift */ = {isa = PBXFileReference; lastKnownFileType = sourcecode.swift; path = Element.swift; sourceTree = "<group>"; };
		8A7F08E1220F4B2900273BDD /* UIViewContoller+Extension.swift */ = {isa = PBXFileReference; lastKnownFileType = sourcecode.swift; path = "UIViewContoller+Extension.swift"; sourceTree = "<group>"; };
		8AE541A8218368CE007A19E4 /* Tetris.app */ = {isa = PBXFileReference; explicitFileType = wrapper.application; includeInIndex = 0; path = Tetris.app; sourceTree = BUILT_PRODUCTS_DIR; };
		8AE541AB218368CE007A19E4 /* AppDelegate.swift */ = {isa = PBXFileReference; lastKnownFileType = sourcecode.swift; path = AppDelegate.swift; sourceTree = "<group>"; };
		8AE541B3218368CE007A19E4 /* GameViewController.swift */ = {isa = PBXFileReference; lastKnownFileType = sourcecode.swift; path = GameViewController.swift; sourceTree = "<group>"; };
		8AE541B8218368D0007A19E4 /* Assets.xcassets */ = {isa = PBXFileReference; lastKnownFileType = folder.assetcatalog; path = Assets.xcassets; sourceTree = "<group>"; };
		8AE541BB218368D0007A19E4 /* Base */ = {isa = PBXFileReference; lastKnownFileType = file.storyboard; name = Base; path = Base.lproj/LaunchScreen.storyboard; sourceTree = "<group>"; };
		8AE541BD218368D0007A19E4 /* Info.plist */ = {isa = PBXFileReference; lastKnownFileType = text.plist.xml; path = Info.plist; sourceTree = "<group>"; };
/* End PBXFileReference section */

/* Begin PBXFrameworksBuildPhase section */
		8A6FAE3222B96F0B00B4A135 /* Frameworks */ = {
			isa = PBXFrameworksBuildPhase;
			buildActionMask = 2147483647;
			files = (
			);
			runOnlyForDeploymentPostprocessing = 0;
		};
		8AE541A5218368CE007A19E4 /* Frameworks */ = {
			isa = PBXFrameworksBuildPhase;
			buildActionMask = 2147483647;
			files = (
			);
			runOnlyForDeploymentPostprocessing = 0;
		};
/* End PBXFrameworksBuildPhase section */

/* Begin PBXGroup section */
		2B04A75B25FFE5C500E60908 /* FigureFetcher */ = {
			isa = PBXGroup;
			children = (
				2B04A76025FFE5EC00E60908 /* DBFigureModel.swift */,
				2BD3052425E11C4F0012B267 /* FigureFetcher.swift */,
			);
			path = FigureFetcher;
			sourceTree = "<group>";
		};
		2B4D813C25ED842C00A1DB47 /* Matrix */ = {
			isa = PBXGroup;
			children = (
				8A43D122220B5FB7000F17ED /* MatrixController.swift */,
				2B0F212A26069C870037CA25 /* FigureHelper.swift */,
				2B78085A25FFE7BB00FDE137 /* Objects */,
				2B04A75B25FFE5C500E60908 /* FigureFetcher */,
			);
			path = Matrix;
			sourceTree = "<group>";
		};
		2B71DFF426A6215F00B84ECD /* Views */ = {
			isa = PBXGroup;
			children = (
				2B71DFF526A6216D00B84ECD /* PanelControlView.swift */,
			);
			path = Views;
			sourceTree = "<group>";
		};
		2B78085A25FFE7BB00FDE137 /* Objects */ = {
			isa = PBXGroup;
			children = (
				2B68EB0925ED95AD00ABE6E2 /* MoveTypes.swift */,
				2B14B12B25FFEBC800B52928 /* Array2D.swift */,
				2B68EB1125ED970600ABE6E2 /* Position.swift */,
				8A7F08DF220F0F2300273BDD /* Element.swift */,
				8A621773220CC5A300BA6C91 /* Figure.swift */,
				2B0F2126260694F90037CA25 /* RotationAngle.swift */,
			);
			path = Objects;
			sourceTree = "<group>";
		};
		2B984D2625ED79BF002DD657 /* GameController */ = {
			isa = PBXGroup;
			children = (
				2B984D2725ED7A24002DD657 /* GameGrid.swift */,
				2BF490E725E1277C00B7EF9A /* GameController.swift */,
				2B71DFF026A615FD00B84ECD /* IntermediateFigure.swift */,
			);
			path = GameController;
			sourceTree = "<group>";
		};
		2BBE786E2607C68500BE738B /* Game */ = {
			isa = PBXGroup;
			children = (
				2B984D2625ED79BF002DD657 /* GameController */,
				2BBE78722607C6AF00BE738B /* ViewController */,
			);
			path = Game;
			sourceTree = "<group>";
		};
		2BBE786F2607C69600BE738B /* Start */ = {
			isa = PBXGroup;
			children = (
				2BBE78762607C6F900BE738B /* StartViewController.swift */,
				2BBE78902607CBC400BE738B /* StartView.swift */,
			);
			path = Start;
			sourceTree = "<group>";
		};
		2BBE78722607C6AF00BE738B /* ViewController */ = {
			isa = PBXGroup;
			children = (
				2B71DFF426A6215F00B84ECD /* Views */,
				8AE541B3218368CE007A19E4 /* GameViewController.swift */,
				2B71DFEC26A6128A00B84ECD /* FigureColors.swift */,
				2BD3051925E0FFDB0012B267 /* GameView.swift */,
				2B5C49FB25E12EFC007C7A38 /* GameView.xib */,
			);
			path = ViewController;
			sourceTree = "<group>";
		};
		2BBE78752607C6D300BE738B /* Objects */ = {
			isa = PBXGroup;
			children = (
				2BBE787E2607C80100BE738B /* Other */,
				2B4D813C25ED842C00A1DB47 /* Matrix */,
				8A007714222187F500D6B7B7 /* Figures */,
			);
			path = Objects;
			sourceTree = "<group>";
		};
		2BBE787E2607C80100BE738B /* Other */ = {
			isa = PBXGroup;
			children = (
				2BF490DD25E11EA800B7EF9A /* ErrorObject.swift */,
				8A1ECBA0218395BD00072318 /* RepeatingTimer.swift */,
			);
			path = Other;
			sourceTree = "<group>";
		};
		2BBE787F2607C83400BE738B /* Fonts */ = {
			isa = PBXGroup;
			children = (
				2BBE78802607C83400BE738B /* TTNorms-Bold.ttf */,
				2BBE78812607C83400BE738B /* TTNorms-Regular.ttf */,
				2BBE78822607C83400BE738B /* TTNorms-Medium.ttf */,
			);
			path = Fonts;
			sourceTree = "<group>";
		};
		2BD6EEDA2642DE6000D3C370 /* Figure */ = {
			isa = PBXGroup;
			children = (
				2BD6EEDB2642DE7200D3C370 /* FigureViewController.swift */,
				2BD6EEE12642DECF00D3C370 /* FiguresView.swift */,
			);
			path = Figure;
			sourceTree = "<group>";
		};
		2BF490E525E1275400B7EF9A /* Modules */ = {
			isa = PBXGroup;
			children = (
				2BBE788C2607CA9300BE738B /* Router.swift */,
				2BD6EEDA2642DE6000D3C370 /* Figure */,
				2BBE786F2607C69600BE738B /* Start */,
				2BBE786E2607C68500BE738B /* Game */,
			);
			path = Modules;
			sourceTree = "<group>";
		};
		8A007714222187F500D6B7B7 /* Figures */ = {
			isa = PBXGroup;
			children = (
				8A0077152221884800D6B7B7 /* I.json */,
				8A00771C2221888A00D6B7B7 /* J.json */,
				8A00771B2221888A00D6B7B7 /* L.json */,
				8A0077172221888900D6B7B7 /* O.json */,
				8A0077192221888900D6B7B7 /* S.json */,
				8A0077182221888900D6B7B7 /* T.json */,
				2BD3052025E11BBD0012B267 /* N.json */,
				8A00771A2221888900D6B7B7 /* Z.json */,
				2B238995241D6DE500FCA685 /* X.json */,
			);
			path = Figures;
			sourceTree = "<group>";
		};
		8A1ECBA2218485D100072318 /* Helper */ = {
			isa = PBXGroup;
			children = (
				2BBE787F2607C83400BE738B /* Fonts */,
				8AE541B8218368D0007A19E4 /* Assets.xcassets */,
				8AE541BA218368D0007A19E4 /* LaunchScreen.storyboard */,
				8A1ECBA5218490A600072318 /* Extension */,
			);
			path = Helper;
			sourceTree = "<group>";
		};
		8A1ECBA5218490A600072318 /* Extension */ = {
			isa = PBXGroup;
			children = (
				8A1ECBA32184908900072318 /* UIColor+Additions.swift */,
				8A7F08DD220ED04700273BDD /* UIView+Extension.swift */,
				2BBE78882607C8B900BE738B /* UIFont+Extensions.swift */,
				8A7F08E1220F4B2900273BDD /* UIViewContoller+Extension.swift */,
				2B0F21202606919E0037CA25 /* Equatable+Extension.swift */,
			);
			path = Extension;
			sourceTree = "<group>";
		};
		8A6FAE3622B96F0B00B4A135 /* TetrisTests */ = {
			isa = PBXGroup;
			children = (
				8A6FAE3722B96F0B00B4A135 /* TetrisTests.swift */,
				2BA9862E2603DCB600649249 /* Array2DTests.swift */,
				8A6FAE3922B96F0B00B4A135 /* Info.plist */,
			);
			path = TetrisTests;
			sourceTree = "<group>";
		};
		8AE5419F218368CE007A19E4 = {
			isa = PBXGroup;
			children = (
				8AE541AA218368CE007A19E4 /* Tetris */,
				8A6FAE3622B96F0B00B4A135 /* TetrisTests */,
				8AE541A9218368CE007A19E4 /* Products */,
			);
			sourceTree = "<group>";
		};
		8AE541A9218368CE007A19E4 /* Products */ = {
			isa = PBXGroup;
			children = (
				8AE541A8218368CE007A19E4 /* Tetris.app */,
				8A6FAE3522B96F0B00B4A135 /* TetrisTests.xctest */,
			);
			name = Products;
			sourceTree = "<group>";
		};
		8AE541AA218368CE007A19E4 /* Tetris */ = {
			isa = PBXGroup;
			children = (
				8AE541AB218368CE007A19E4 /* AppDelegate.swift */,
				2BBE78752607C6D300BE738B /* Objects */,
				8A1ECBA2218485D100072318 /* Helper */,
				2BF490E525E1275400B7EF9A /* Modules */,
				8AE541BD218368D0007A19E4 /* Info.plist */,
			);
			path = Tetris;
			sourceTree = "<group>";
		};
/* End PBXGroup section */

/* Begin PBXNativeTarget section */
		8A6FAE3422B96F0B00B4A135 /* TetrisTests */ = {
			isa = PBXNativeTarget;
			buildConfigurationList = 8A6FAE3E22B96F0B00B4A135 /* Build configuration list for PBXNativeTarget "TetrisTests" */;
			buildPhases = (
				8A6FAE3122B96F0B00B4A135 /* Sources */,
				8A6FAE3222B96F0B00B4A135 /* Frameworks */,
				8A6FAE3322B96F0B00B4A135 /* Resources */,
			);
			buildRules = (
			);
			dependencies = (
				8A6FAE3B22B96F0B00B4A135 /* PBXTargetDependency */,
			);
			name = TetrisTests;
			productName = TetrisTests;
			productReference = 8A6FAE3522B96F0B00B4A135 /* TetrisTests.xctest */;
			productType = "com.apple.product-type.bundle.unit-test";
		};
		8AE541A7218368CE007A19E4 /* Tetris */ = {
			isa = PBXNativeTarget;
			buildConfigurationList = 8AE541C0218368D0007A19E4 /* Build configuration list for PBXNativeTarget "Tetris" */;
			buildPhases = (
				8AE541A4218368CE007A19E4 /* Sources */,
				8AE541A5218368CE007A19E4 /* Frameworks */,
				8AE541A6218368CE007A19E4 /* Resources */,
			);
			buildRules = (
			);
			dependencies = (
			);
			name = Tetris;
			productName = Tetris;
			productReference = 8AE541A8218368CE007A19E4 /* Tetris.app */;
			productType = "com.apple.product-type.application";
		};
/* End PBXNativeTarget section */

/* Begin PBXProject section */
		8AE541A0218368CE007A19E4 /* Project object */ = {
			isa = PBXProject;
			attributes = {
				LastSwiftUpdateCheck = 1020;
				LastUpgradeCheck = 1000;
				ORGANIZATIONNAME = "Dmitry Pushin";
				TargetAttributes = {
					8A6FAE3422B96F0B00B4A135 = {
						CreatedOnToolsVersion = 10.2;
						TestTargetID = 8AE541A7218368CE007A19E4;
					};
					8AE541A7218368CE007A19E4 = {
						CreatedOnToolsVersion = 10.0;
					};
				};
			};
			buildConfigurationList = 8AE541A3218368CE007A19E4 /* Build configuration list for PBXProject "Tetris" */;
			compatibilityVersion = "Xcode 9.3";
			developmentRegion = en;
			hasScannedForEncodings = 0;
			knownRegions = (
				en,
				Base,
			);
			mainGroup = 8AE5419F218368CE007A19E4;
			productRefGroup = 8AE541A9218368CE007A19E4 /* Products */;
			projectDirPath = "";
			projectRoot = "";
			targets = (
				8AE541A7218368CE007A19E4 /* Tetris */,
				8A6FAE3422B96F0B00B4A135 /* TetrisTests */,
			);
		};
/* End PBXProject section */

/* Begin PBXResourcesBuildPhase section */
		8A6FAE3322B96F0B00B4A135 /* Resources */ = {
			isa = PBXResourcesBuildPhase;
			buildActionMask = 2147483647;
			files = (
			);
			runOnlyForDeploymentPostprocessing = 0;
		};
		8AE541A6218368CE007A19E4 /* Resources */ = {
			isa = PBXResourcesBuildPhase;
			buildActionMask = 2147483647;
			files = (
				2BD3052125E11BBD0012B267 /* N.json in Resources */,
				8A0077222221888A00D6B7B7 /* J.json in Resources */,
				8A0077202221888A00D6B7B7 /* Z.json in Resources */,
				2BBE78852607C83400BE738B /* TTNorms-Medium.ttf in Resources */,
				2BBE78832607C83400BE738B /* TTNorms-Bold.ttf in Resources */,
				2B5C49FC25E12EFC007C7A38 /* GameView.xib in Resources */,
				8A00771E2221888A00D6B7B7 /* T.json in Resources */,
				8A00771D2221888A00D6B7B7 /* O.json in Resources */,
				8A0077162221884800D6B7B7 /* I.json in Resources */,
				8AE541B9218368D0007A19E4 /* Assets.xcassets in Resources */,
				8AE541BC218368D0007A19E4 /* LaunchScreen.storyboard in Resources */,
				8A0077212221888A00D6B7B7 /* L.json in Resources */,
				2B238996241D6DE500FCA685 /* X.json in Resources */,
				8A00771F2221888A00D6B7B7 /* S.json in Resources */,
				2BBE78842607C83400BE738B /* TTNorms-Regular.ttf in Resources */,
			);
			runOnlyForDeploymentPostprocessing = 0;
		};
/* End PBXResourcesBuildPhase section */

/* Begin PBXSourcesBuildPhase section */
		8A6FAE3122B96F0B00B4A135 /* Sources */ = {
			isa = PBXSourcesBuildPhase;
			buildActionMask = 2147483647;
			files = (
				8A6FAE3822B96F0B00B4A135 /* TetrisTests.swift in Sources */,
				2BA9862F2603DCB600649249 /* Array2DTests.swift in Sources */,
			);
			runOnlyForDeploymentPostprocessing = 0;
		};
		8AE541A4218368CE007A19E4 /* Sources */ = {
			isa = PBXSourcesBuildPhase;
			buildActionMask = 2147483647;
			files = (
				8A7F08DE220ED04700273BDD /* UIView+Extension.swift in Sources */,
				2BF490DE25E11EA800B7EF9A /* ErrorObject.swift in Sources */,
				2BBE788D2607CA9300BE738B /* Router.swift in Sources */,
				2BBE78772607C6F900BE738B /* StartViewController.swift in Sources */,
				8A43D123220B5FB7000F17ED /* MatrixController.swift in Sources */,
				2BBE78912607CBC400BE738B /* StartView.swift in Sources */,
				2BD3052525E11C4F0012B267 /* FigureFetcher.swift in Sources */,
				8A7F08E0220F0F2300273BDD /* Element.swift in Sources */,
				2B04A76125FFE5EC00E60908 /* DBFigureModel.swift in Sources */,
				8A7F08E2220F4B2900273BDD /* UIViewContoller+Extension.swift in Sources */,
				2B0F2127260694F90037CA25 /* RotationAngle.swift in Sources */,
				2B71DFF626A6216D00B84ECD /* PanelControlView.swift in Sources */,
				2BBE78892607C8B900BE738B /* UIFont+Extensions.swift in Sources */,
				2B71DFF126A615FD00B84ECD /* IntermediateFigure.swift in Sources */,
				8A1ECBA42184908900072318 /* UIColor+Additions.swift in Sources */,
				2B14B12C25FFEBC800B52928 /* Array2D.swift in Sources */,
				2B68EB1225ED970600ABE6E2 /* Position.swift in Sources */,
				2BD3051A25E0FFDB0012B267 /* GameView.swift in Sources */,
				8A621774220CC5A300BA6C91 /* Figure.swift in Sources */,
				8AE541B4218368CE007A19E4 /* GameViewController.swift in Sources */,
				2B68EB0A25ED95AD00ABE6E2 /* MoveTypes.swift in Sources */,
				8AE541AC218368CE007A19E4 /* AppDelegate.swift in Sources */,
				2BD6EEE22642DECF00D3C370 /* FiguresView.swift in Sources */,
				2B0F21212606919E0037CA25 /* Equatable+Extension.swift in Sources */,
				2B984D2825ED7A24002DD657 /* GameGrid.swift in Sources */,
				2B0F212B26069C870037CA25 /* FigureHelper.swift in Sources */,
				8A1ECBA1218395BD00072318 /* RepeatingTimer.swift in Sources */,
				2B71DFED26A6128A00B84ECD /* FigureColors.swift in Sources */,
				2BF490E825E1277C00B7EF9A /* GameController.swift in Sources */,
				2BD6EEDC2642DE7200D3C370 /* FigureViewController.swift in Sources */,
			);
			runOnlyForDeploymentPostprocessing = 0;
		};
/* End PBXSourcesBuildPhase section */

/* Begin PBXTargetDependency section */
		8A6FAE3B22B96F0B00B4A135 /* PBXTargetDependency */ = {
			isa = PBXTargetDependency;
			target = 8AE541A7218368CE007A19E4 /* Tetris */;
			targetProxy = 8A6FAE3A22B96F0B00B4A135 /* PBXContainerItemProxy */;
		};
/* End PBXTargetDependency section */

/* Begin PBXVariantGroup section */
		8AE541BA218368D0007A19E4 /* LaunchScreen.storyboard */ = {
			isa = PBXVariantGroup;
			children = (
				8AE541BB218368D0007A19E4 /* Base */,
			);
			name = LaunchScreen.storyboard;
			sourceTree = "<group>";
		};
/* End PBXVariantGroup section */

/* Begin XCBuildConfiguration section */
		8A6FAE3C22B96F0B00B4A135 /* Debug */ = {
			isa = XCBuildConfiguration;
			buildSettings = {
				BUNDLE_LOADER = "$(TEST_HOST)";
				CODE_SIGN_STYLE = Automatic;
				INFOPLIST_FILE = TetrisTests/Info.plist;
				IPHONEOS_DEPLOYMENT_TARGET = 11.0;
				LD_RUNPATH_SEARCH_PATHS = (
					"$(inherited)",
					"@executable_path/Frameworks",
					"@loader_path/Frameworks",
				);
				PRODUCT_BUNDLE_IDENTIFIER = com.myCompany.TetrisTests;
				PRODUCT_NAME = "$(TARGET_NAME)";
				SWIFT_VERSION = 5.0;
				TARGETED_DEVICE_FAMILY = "1,2";
				TEST_HOST = "$(BUILT_PRODUCTS_DIR)/Tetris.app/Tetris";
			};
			name = Debug;
		};
		8A6FAE3D22B96F0B00B4A135 /* Release */ = {
			isa = XCBuildConfiguration;
			buildSettings = {
				BUNDLE_LOADER = "$(TEST_HOST)";
				CODE_SIGN_STYLE = Automatic;
				INFOPLIST_FILE = TetrisTests/Info.plist;
				IPHONEOS_DEPLOYMENT_TARGET = 11.0;
				LD_RUNPATH_SEARCH_PATHS = (
					"$(inherited)",
					"@executable_path/Frameworks",
					"@loader_path/Frameworks",
				);
				PRODUCT_BUNDLE_IDENTIFIER = com.myCompany.TetrisTests;
				PRODUCT_NAME = "$(TARGET_NAME)";
				SWIFT_VERSION = 5.0;
				TARGETED_DEVICE_FAMILY = "1,2";
				TEST_HOST = "$(BUILT_PRODUCTS_DIR)/Tetris.app/Tetris";
			};
			name = Release;
		};
		8AE541BE218368D0007A19E4 /* Debug */ = {
			isa = XCBuildConfiguration;
			buildSettings = {
				ALWAYS_SEARCH_USER_PATHS = NO;
				CLANG_ANALYZER_NONNULL = YES;
				CLANG_ANALYZER_NUMBER_OBJECT_CONVERSION = YES_AGGRESSIVE;
				CLANG_CXX_LANGUAGE_STANDARD = "gnu++14";
				CLANG_CXX_LIBRARY = "libc++";
				CLANG_ENABLE_MODULES = YES;
				CLANG_ENABLE_OBJC_ARC = YES;
				CLANG_ENABLE_OBJC_WEAK = YES;
				CLANG_WARN_BLOCK_CAPTURE_AUTORELEASING = YES;
				CLANG_WARN_BOOL_CONVERSION = YES;
				CLANG_WARN_COMMA = YES;
				CLANG_WARN_CONSTANT_CONVERSION = YES;
				CLANG_WARN_DEPRECATED_OBJC_IMPLEMENTATIONS = YES;
				CLANG_WARN_DIRECT_OBJC_ISA_USAGE = YES_ERROR;
				CLANG_WARN_DOCUMENTATION_COMMENTS = YES;
				CLANG_WARN_EMPTY_BODY = YES;
				CLANG_WARN_ENUM_CONVERSION = YES;
				CLANG_WARN_INFINITE_RECURSION = YES;
				CLANG_WARN_INT_CONVERSION = YES;
				CLANG_WARN_NON_LITERAL_NULL_CONVERSION = YES;
				CLANG_WARN_OBJC_IMPLICIT_RETAIN_SELF = YES;
				CLANG_WARN_OBJC_LITERAL_CONVERSION = YES;
				CLANG_WARN_OBJC_ROOT_CLASS = YES_ERROR;
				CLANG_WARN_RANGE_LOOP_ANALYSIS = YES;
				CLANG_WARN_STRICT_PROTOTYPES = YES;
				CLANG_WARN_SUSPICIOUS_MOVE = YES;
				CLANG_WARN_UNGUARDED_AVAILABILITY = YES_AGGRESSIVE;
				CLANG_WARN_UNREACHABLE_CODE = YES;
				CLANG_WARN__DUPLICATE_METHOD_MATCH = YES;
				CODE_SIGN_IDENTITY = "iPhone Developer";
				COPY_PHASE_STRIP = NO;
				DEBUG_INFORMATION_FORMAT = dwarf;
				ENABLE_STRICT_OBJC_MSGSEND = YES;
				ENABLE_TESTABILITY = YES;
				GCC_C_LANGUAGE_STANDARD = gnu11;
				GCC_DYNAMIC_NO_PIC = NO;
				GCC_NO_COMMON_BLOCKS = YES;
				GCC_OPTIMIZATION_LEVEL = 0;
				GCC_PREPROCESSOR_DEFINITIONS = (
					"DEBUG=1",
					"$(inherited)",
				);
				GCC_WARN_64_TO_32_BIT_CONVERSION = YES;
				GCC_WARN_ABOUT_RETURN_TYPE = YES_ERROR;
				GCC_WARN_UNDECLARED_SELECTOR = YES;
				GCC_WARN_UNINITIALIZED_AUTOS = YES_AGGRESSIVE;
				GCC_WARN_UNUSED_FUNCTION = YES;
				GCC_WARN_UNUSED_VARIABLE = YES;
				IPHONEOS_DEPLOYMENT_TARGET = 11.0;
				MTL_ENABLE_DEBUG_INFO = INCLUDE_SOURCE;
				MTL_FAST_MATH = YES;
				ONLY_ACTIVE_ARCH = YES;
				SDKROOT = iphoneos;
				SWIFT_ACTIVE_COMPILATION_CONDITIONS = DEBUG;
				SWIFT_OPTIMIZATION_LEVEL = "-Onone";
			};
			name = Debug;
		};
		8AE541BF218368D0007A19E4 /* Release */ = {
			isa = XCBuildConfiguration;
			buildSettings = {
				ALWAYS_SEARCH_USER_PATHS = NO;
				CLANG_ANALYZER_NONNULL = YES;
				CLANG_ANALYZER_NUMBER_OBJECT_CONVERSION = YES_AGGRESSIVE;
				CLANG_CXX_LANGUAGE_STANDARD = "gnu++14";
				CLANG_CXX_LIBRARY = "libc++";
				CLANG_ENABLE_MODULES = YES;
				CLANG_ENABLE_OBJC_ARC = YES;
				CLANG_ENABLE_OBJC_WEAK = YES;
				CLANG_WARN_BLOCK_CAPTURE_AUTORELEASING = YES;
				CLANG_WARN_BOOL_CONVERSION = YES;
				CLANG_WARN_COMMA = YES;
				CLANG_WARN_CONSTANT_CONVERSION = YES;
				CLANG_WARN_DEPRECATED_OBJC_IMPLEMENTATIONS = YES;
				CLANG_WARN_DIRECT_OBJC_ISA_USAGE = YES_ERROR;
				CLANG_WARN_DOCUMENTATION_COMMENTS = YES;
				CLANG_WARN_EMPTY_BODY = YES;
				CLANG_WARN_ENUM_CONVERSION = YES;
				CLANG_WARN_INFINITE_RECURSION = YES;
				CLANG_WARN_INT_CONVERSION = YES;
				CLANG_WARN_NON_LITERAL_NULL_CONVERSION = YES;
				CLANG_WARN_OBJC_IMPLICIT_RETAIN_SELF = YES;
				CLANG_WARN_OBJC_LITERAL_CONVERSION = YES;
				CLANG_WARN_OBJC_ROOT_CLASS = YES_ERROR;
				CLANG_WARN_RANGE_LOOP_ANALYSIS = YES;
				CLANG_WARN_STRICT_PROTOTYPES = YES;
				CLANG_WARN_SUSPICIOUS_MOVE = YES;
				CLANG_WARN_UNGUARDED_AVAILABILITY = YES_AGGRESSIVE;
				CLANG_WARN_UNREACHABLE_CODE = YES;
				CLANG_WARN__DUPLICATE_METHOD_MATCH = YES;
				CODE_SIGN_IDENTITY = "iPhone Developer";
				COPY_PHASE_STRIP = NO;
				DEBUG_INFORMATION_FORMAT = "dwarf-with-dsym";
				ENABLE_NS_ASSERTIONS = NO;
				ENABLE_STRICT_OBJC_MSGSEND = YES;
				GCC_C_LANGUAGE_STANDARD = gnu11;
				GCC_NO_COMMON_BLOCKS = YES;
				GCC_WARN_64_TO_32_BIT_CONVERSION = YES;
				GCC_WARN_ABOUT_RETURN_TYPE = YES_ERROR;
				GCC_WARN_UNDECLARED_SELECTOR = YES;
				GCC_WARN_UNINITIALIZED_AUTOS = YES_AGGRESSIVE;
				GCC_WARN_UNUSED_FUNCTION = YES;
				GCC_WARN_UNUSED_VARIABLE = YES;
				IPHONEOS_DEPLOYMENT_TARGET = 11.0;
				MTL_ENABLE_DEBUG_INFO = NO;
				MTL_FAST_MATH = YES;
				SDKROOT = iphoneos;
				SWIFT_COMPILATION_MODE = wholemodule;
				SWIFT_OPTIMIZATION_LEVEL = "-O";
				VALIDATE_PRODUCT = YES;
			};
			name = Release;
		};
		8AE541C1218368D0007A19E4 /* Debug */ = {
			isa = XCBuildConfiguration;
			buildSettings = {
				ASSETCATALOG_COMPILER_APPICON_NAME = AppIcon;
				CODE_SIGN_STYLE = Automatic;
				DEVELOPMENT_TEAM = "";
				INFOPLIST_FILE = Tetris/Info.plist;
				IPHONEOS_DEPLOYMENT_TARGET = 11.0;
				LD_RUNPATH_SEARCH_PATHS = (
					"$(inherited)",
					"@executable_path/Frameworks",
				);
				PRODUCT_BUNDLE_IDENTIFIER = com.myCompany.Tetris;
				PRODUCT_NAME = "$(TARGET_NAME)";
				SWIFT_VERSION = 5.0;
				TARGETED_DEVICE_FAMILY = "1,2";
			};
			name = Debug;
		};
		8AE541C2218368D0007A19E4 /* Release */ = {
			isa = XCBuildConfiguration;
			buildSettings = {
				ASSETCATALOG_COMPILER_APPICON_NAME = AppIcon;
				CODE_SIGN_STYLE = Automatic;
				DEVELOPMENT_TEAM = "";
				INFOPLIST_FILE = Tetris/Info.plist;
				IPHONEOS_DEPLOYMENT_TARGET = 11.0;
				LD_RUNPATH_SEARCH_PATHS = (
					"$(inherited)",
					"@executable_path/Frameworks",
				);
				PRODUCT_BUNDLE_IDENTIFIER = com.myCompany.Tetris;
				PRODUCT_NAME = "$(TARGET_NAME)";
				SWIFT_VERSION = 5.0;
				TARGETED_DEVICE_FAMILY = "1,2";
			};
			name = Release;
		};
/* End XCBuildConfiguration section */

/* Begin XCConfigurationList section */
		8A6FAE3E22B96F0B00B4A135 /* Build configuration list for PBXNativeTarget "TetrisTests" */ = {
			isa = XCConfigurationList;
			buildConfigurations = (
				8A6FAE3C22B96F0B00B4A135 /* Debug */,
				8A6FAE3D22B96F0B00B4A135 /* Release */,
			);
			defaultConfigurationIsVisible = 0;
			defaultConfigurationName = Release;
		};
		8AE541A3218368CE007A19E4 /* Build configuration list for PBXProject "Tetris" */ = {
			isa = XCConfigurationList;
			buildConfigurations = (
				8AE541BE218368D0007A19E4 /* Debug */,
				8AE541BF218368D0007A19E4 /* Release */,
			);
			defaultConfigurationIsVisible = 0;
			defaultConfigurationName = Release;
		};
		8AE541C0218368D0007A19E4 /* Build configuration list for PBXNativeTarget "Tetris" */ = {
			isa = XCConfigurationList;
			buildConfigurations = (
				8AE541C1218368D0007A19E4 /* Debug */,
				8AE541C2218368D0007A19E4 /* Release */,
			);
			defaultConfigurationIsVisible = 0;
			defaultConfigurationName = Release;
		};
/* End XCConfigurationList section */
	};
	rootObject = 8AE541A0218368CE007A19E4 /* Project object */;
}
